
Microsoft Visual Studio Solution File, Format Version 12.00
# Visual Studio 15
VisualStudioVersion = 15.0.28307.168
MinimumVisualStudioVersion = 10.0.40219.1
Project("{8BC9CEB8-8B4A-11D0-8D11-00A0C91BC942}") = "listing2-7", "listing2-7\listing2-7.vcxproj", "{10C7AC90-B850-4EB1-B851-36375D0E6F90}"
EndProject
Global
	GlobalSection(SolutionConfigurationPlatforms) = preSolution
		Debug|x64 = Debug|x64
		Release|x64 = Release|x64
	EndGlobalSection
	GlobalSection(ProjectConfigurationPlatforms) = postSolution
		{10C7AC90-B850-4EB1-B851-36375D0E6F90}.Debug|x64.ActiveCfg = Debug|x64
		{10C7AC90-B850-4EB1-B851-36375D0E6F90}.Debug|x64.Build.0 = Debug|x64
		{10C7AC90-B850-4EB1-B851-36375D0E6F90}.Release|x64.ActiveCfg = Release|x64
		{10C7AC90-B850-4EB1-B851-36375D0E6F90}.Release|x64.Build.0 = Release|x64
	EndGlobalSection
	GlobalSection(SolutionProperties) = preSolution
		HideSolutionNode = FALSE
	EndGlobalSection
	GlobalSection(ExtensibilityGlobals) = postSolution
		SolutionGuid = {2AD0EAEF-1826-4AA7-8AFF-88833E72CDF6}
	EndGlobalSection
EndGlobal
